// !$*UTF8*$!
{
	archiveVersion = 1;
	classes = {
	};
	objectVersion = 51;
	objects = {

/* Begin PBXBuildFile section */
		19864131C8915749FAB06C07 /* Pods_HackerNews_Articles.framework in Frameworks */ = {isa = PBXBuildFile; fileRef = C82088A17B0F7295AF1FA876 /* Pods_HackerNews_Articles.framework */; };
		6B6BDE33242583C300861454 /* ArticleViewController.swift in Sources */ = {isa = PBXBuildFile; fileRef = 6B6BDE32242583C300861454 /* ArticleViewController.swift */; };
		6B6BDE352425998700861454 /* DeletedArticle.swift in Sources */ = {isa = PBXBuildFile; fileRef = 6B6BDE342425998700861454 /* DeletedArticle.swift */; };
		6B7180E624242D140046F573 /* AppDelegate.swift in Sources */ = {isa = PBXBuildFile; fileRef = 6B7180E524242D140046F573 /* AppDelegate.swift */; };
		6B7180E824242D140046F573 /* SceneDelegate.swift in Sources */ = {isa = PBXBuildFile; fileRef = 6B7180E724242D140046F573 /* SceneDelegate.swift */; };
		6B7180EA24242D140046F573 /* HackerNewsArticlesViewController.swift in Sources */ = {isa = PBXBuildFile; fileRef = 6B7180E924242D140046F573 /* HackerNewsArticlesViewController.swift */; };
		6B7180ED24242D140046F573 /* Main.storyboard in Resources */ = {isa = PBXBuildFile; fileRef = 6B7180EB24242D140046F573 /* Main.storyboard */; };
		6B7180EF24242D160046F573 /* Assets.xcassets in Resources */ = {isa = PBXBuildFile; fileRef = 6B7180EE24242D160046F573 /* Assets.xcassets */; };
		6B7180F224242D160046F573 /* LaunchScreen.storyboard in Resources */ = {isa = PBXBuildFile; fileRef = 6B7180F024242D160046F573 /* LaunchScreen.storyboard */; };
		6B7180FD242435A70046F573 /* Article.swift in Sources */ = {isa = PBXBuildFile; fileRef = 6B7180FC242435A70046F573 /* Article.swift */; };
		6B7180FF242436210046F573 /* HackerNewsData.swift in Sources */ = {isa = PBXBuildFile; fileRef = 6B7180FE242436210046F573 /* HackerNewsData.swift */; };
		6B718101242447EC0046F573 /* HackerNewsManager.swift in Sources */ = {isa = PBXBuildFile; fileRef = 6B718100242447EC0046F573 /* HackerNewsManager.swift */; };
		6B718103242448070046F573 /* Date+ElapsedTime.swift in Sources */ = {isa = PBXBuildFile; fileRef = 6B718102242448070046F573 /* Date+ElapsedTime.swift */; };
/* End PBXBuildFile section */

/* Begin PBXFileReference section */
		6B6BDE32242583C300861454 /* ArticleViewController.swift */ = {isa = PBXFileReference; lastKnownFileType = sourcecode.swift; path = ArticleViewController.swift; sourceTree = "<group>"; };
		6B6BDE342425998700861454 /* DeletedArticle.swift */ = {isa = PBXFileReference; lastKnownFileType = sourcecode.swift; path = DeletedArticle.swift; sourceTree = "<group>"; };
		6B7180E224242D140046F573 /* HackerNews Articles.app */ = {isa = PBXFileReference; explicitFileType = wrapper.application; includeInIndex = 0; path = "HackerNews Articles.app"; sourceTree = BUILT_PRODUCTS_DIR; };
		6B7180E524242D140046F573 /* AppDelegate.swift */ = {isa = PBXFileReference; lastKnownFileType = sourcecode.swift; path = AppDelegate.swift; sourceTree = "<group>"; };
		6B7180E724242D140046F573 /* SceneDelegate.swift */ = {isa = PBXFileReference; lastKnownFileType = sourcecode.swift; path = SceneDelegate.swift; sourceTree = "<group>"; };
		6B7180E924242D140046F573 /* HackerNewsArticlesViewController.swift */ = {isa = PBXFileReference; lastKnownFileType = sourcecode.swift; path = HackerNewsArticlesViewController.swift; sourceTree = "<group>"; };
		6B7180EC24242D140046F573 /* Base */ = {isa = PBXFileReference; lastKnownFileType = file.storyboard; name = Base; path = Base.lproj/Main.storyboard; sourceTree = "<group>"; };
		6B7180EE24242D160046F573 /* Assets.xcassets */ = {isa = PBXFileReference; lastKnownFileType = folder.assetcatalog; path = Assets.xcassets; sourceTree = "<group>"; };
		6B7180F124242D160046F573 /* Base */ = {isa = PBXFileReference; lastKnownFileType = file.storyboard; name = Base; path = Base.lproj/LaunchScreen.storyboard; sourceTree = "<group>"; };
		6B7180F324242D160046F573 /* Info.plist */ = {isa = PBXFileReference; lastKnownFileType = text.plist.xml; path = Info.plist; sourceTree = "<group>"; };
		6B7180FC242435A70046F573 /* Article.swift */ = {isa = PBXFileReference; lastKnownFileType = sourcecode.swift; path = Article.swift; sourceTree = "<group>"; };
		6B7180FE242436210046F573 /* HackerNewsData.swift */ = {isa = PBXFileReference; lastKnownFileType = sourcecode.swift; path = HackerNewsData.swift; sourceTree = "<group>"; };
		6B718100242447EC0046F573 /* HackerNewsManager.swift */ = {isa = PBXFileReference; lastKnownFileType = sourcecode.swift; path = HackerNewsManager.swift; sourceTree = "<group>"; };
		6B718102242448070046F573 /* Date+ElapsedTime.swift */ = {isa = PBXFileReference; lastKnownFileType = sourcecode.swift; path = "Date+ElapsedTime.swift"; sourceTree = "<group>"; };
		7F59BE2FEB5A27EC2F45F25E /* Pods-HackerNews Articles.debug.xcconfig */ = {isa = PBXFileReference; includeInIndex = 1; lastKnownFileType = text.xcconfig; name = "Pods-HackerNews Articles.debug.xcconfig"; path = "Target Support Files/Pods-HackerNews Articles/Pods-HackerNews Articles.debug.xcconfig"; sourceTree = "<group>"; };
		A5C465867FB1E20BF4FF27C9 /* Pods-HackerNews Articles.release.xcconfig */ = {isa = PBXFileReference; includeInIndex = 1; lastKnownFileType = text.xcconfig; name = "Pods-HackerNews Articles.release.xcconfig"; path = "Target Support Files/Pods-HackerNews Articles/Pods-HackerNews Articles.release.xcconfig"; sourceTree = "<group>"; };
		C82088A17B0F7295AF1FA876 /* Pods_HackerNews_Articles.framework */ = {isa = PBXFileReference; explicitFileType = wrapper.framework; includeInIndex = 0; path = Pods_HackerNews_Articles.framework; sourceTree = BUILT_PRODUCTS_DIR; };
/* End PBXFileReference section */

/* Begin PBXFrameworksBuildPhase section */
		6B7180DF24242D140046F573 /* Frameworks */ = {
			isa = PBXFrameworksBuildPhase;
			buildActionMask = 2147483647;
			files = (
				19864131C8915749FAB06C07 /* Pods_HackerNews_Articles.framework in Frameworks */,
			);
			runOnlyForDeploymentPostprocessing = 0;
		};
/* End PBXFrameworksBuildPhase section */

/* Begin PBXGroup section */
		0F61D44A494D083AEEC005B6 /* Pods */ = {
			isa = PBXGroup;
			children = (
				7F59BE2FEB5A27EC2F45F25E /* Pods-HackerNews Articles.debug.xcconfig */,
				A5C465867FB1E20BF4FF27C9 /* Pods-HackerNews Articles.release.xcconfig */,
			);
			path = Pods;
			sourceTree = "<group>";
		};
		6B7180D924242D140046F573 = {
			isa = PBXGroup;
			children = (
				6B7180E424242D140046F573 /* HackerNews Articles */,
				6B7180E324242D140046F573 /* Products */,
				0F61D44A494D083AEEC005B6 /* Pods */,
				8E909E7E77FB8E8E4163F95C /* Frameworks */,
			);
			sourceTree = "<group>";
		};
		6B7180E324242D140046F573 /* Products */ = {
			isa = PBXGroup;
			children = (
				6B7180E224242D140046F573 /* HackerNews Articles.app */,
			);
			name = Products;
			sourceTree = "<group>";
		};
		6B7180E424242D140046F573 /* HackerNews Articles */ = {
			isa = PBXGroup;
			children = (
				6B718102242448070046F573 /* Date+ElapsedTime.swift */,
				6B7180F92424301B0046F573 /* Model */,
				6B7180FA2424302A0046F573 /* View */,
				6B7180FB242430350046F573 /* Controller */,
				6B7180E524242D140046F573 /* AppDelegate.swift */,
				6B7180E724242D140046F573 /* SceneDelegate.swift */,
				6B7180EE24242D160046F573 /* Assets.xcassets */,
				6B7180F024242D160046F573 /* LaunchScreen.storyboard */,
				6B7180F324242D160046F573 /* Info.plist */,
			);
			path = "HackerNews Articles";
			sourceTree = "<group>";
		};
		6B7180F92424301B0046F573 /* Model */ = {
			isa = PBXGroup;
			children = (
				6B7180FC242435A70046F573 /* Article.swift */,
				6B6BDE342425998700861454 /* DeletedArticle.swift */,
				6B7180FE242436210046F573 /* HackerNewsData.swift */,
				6B718100242447EC0046F573 /* HackerNewsManager.swift */,
			);
			path = Model;
			sourceTree = "<group>";
		};
		6B7180FA2424302A0046F573 /* View */ = {
			isa = PBXGroup;
			children = (
				6B7180EB24242D140046F573 /* Main.storyboard */,
			);
			path = View;
			sourceTree = "<group>";
		};
		6B7180FB242430350046F573 /* Controller */ = {
			isa = PBXGroup;
			children = (
				6B7180E924242D140046F573 /* HackerNewsArticlesViewController.swift */,
				6B6BDE32242583C300861454 /* ArticleViewController.swift */,
			);
			path = Controller;
			sourceTree = "<group>";
		};
		8E909E7E77FB8E8E4163F95C /* Frameworks */ = {
			isa = PBXGroup;
			children = (
				C82088A17B0F7295AF1FA876 /* Pods_HackerNews_Articles.framework */,
			);
			name = Frameworks;
			sourceTree = "<group>";
		};
/* End PBXGroup section */

/* Begin PBXNativeTarget section */
		6B7180E124242D140046F573 /* HackerNews Articles */ = {
			isa = PBXNativeTarget;
			buildConfigurationList = 6B7180F624242D160046F573 /* Build configuration list for PBXNativeTarget "HackerNews Articles" */;
			buildPhases = (
				4AF6A64C86FF6A1AE8CA9F01 /* [CP] Check Pods Manifest.lock */,
				6B7180DE24242D140046F573 /* Sources */,
				6B7180DF24242D140046F573 /* Frameworks */,
				6B7180E024242D140046F573 /* Resources */,
				FE9E774575DA3D661A5A036E /* [CP] Embed Pods Frameworks */,
			);
			buildRules = (
			);
			dependencies = (
			);
			name = "HackerNews Articles";
			productName = "HackerNews Articles";
			productReference = 6B7180E224242D140046F573 /* HackerNews Articles.app */;
			productType = "com.apple.product-type.application";
		};
/* End PBXNativeTarget section */

/* Begin PBXProject section */
		6B7180DA24242D140046F573 /* Project object */ = {
			isa = PBXProject;
			attributes = {
				LastSwiftUpdateCheck = 1130;
				LastUpgradeCheck = 1130;
				ORGANIZATIONNAME = "Fernando Garcia";
				TargetAttributes = {
					6B7180E124242D140046F573 = {
						CreatedOnToolsVersion = 11.3.1;
					};
				};
			};
			buildConfigurationList = 6B7180DD24242D140046F573 /* Build configuration list for PBXProject "HackerNews Articles" */;
			compatibilityVersion = "Xcode 9.3";
			developmentRegion = en;
			hasScannedForEncodings = 0;
			knownRegions = (
				en,
				Base,
			);
			mainGroup = 6B7180D924242D140046F573;
			productRefGroup = 6B7180E324242D140046F573 /* Products */;
			projectDirPath = "";
			projectRoot = "";
			targets = (
				6B7180E124242D140046F573 /* HackerNews Articles */,
			);
		};
/* End PBXProject section */

/* Begin PBXResourcesBuildPhase section */
		6B7180E024242D140046F573 /* Resources */ = {
			isa = PBXResourcesBuildPhase;
			buildActionMask = 2147483647;
			files = (
				6B7180F224242D160046F573 /* LaunchScreen.storyboard in Resources */,
				6B7180EF24242D160046F573 /* Assets.xcassets in Resources */,
				6B7180ED24242D140046F573 /* Main.storyboard in Resources */,
			);
			runOnlyForDeploymentPostprocessing = 0;
		};
/* End PBXResourcesBuildPhase section */

/* Begin PBXShellScriptBuildPhase section */
		4AF6A64C86FF6A1AE8CA9F01 /* [CP] Check Pods Manifest.lock */ = {
			isa = PBXShellScriptBuildPhase;
			buildActionMask = 2147483647;
			files = (
			);
			inputFileListPaths = (
			);
			inputPaths = (
				"${PODS_PODFILE_DIR_PATH}/Podfile.lock",
				"${PODS_ROOT}/Manifest.lock",
			);
			name = "[CP] Check Pods Manifest.lock";
			outputFileListPaths = (
			);
			outputPaths = (
				"$(DERIVED_FILE_DIR)/Pods-HackerNews Articles-checkManifestLockResult.txt",
			);
			runOnlyForDeploymentPostprocessing = 0;
			shellPath = /bin/sh;
			shellScript = "diff \"${PODS_PODFILE_DIR_PATH}/Podfile.lock\" \"${PODS_ROOT}/Manifest.lock\" > /dev/null\nif [ $? != 0 ] ; then\n    # print error to STDERR\n    echo \"error: The sandbox is not in sync with the Podfile.lock. Run 'pod install' or update your CocoaPods installation.\" >&2\n    exit 1\nfi\n# This output is used by Xcode 'outputs' to avoid re-running this script phase.\necho \"SUCCESS\" > \"${SCRIPT_OUTPUT_FILE_0}\"\n";
			showEnvVarsInLog = 0;
		};
		FE9E774575DA3D661A5A036E /* [CP] Embed Pods Frameworks */ = {
			isa = PBXShellScriptBuildPhase;
			buildActionMask = 2147483647;
			files = (
			);
			inputFileListPaths = (
				"${PODS_ROOT}/Target Support Files/Pods-HackerNews Articles/Pods-HackerNews Articles-frameworks-${CONFIGURATION}-input-files.xcfilelist",
			);
			name = "[CP] Embed Pods Frameworks";
			outputFileListPaths = (
				"${PODS_ROOT}/Target Support Files/Pods-HackerNews Articles/Pods-HackerNews Articles-frameworks-${CONFIGURATION}-output-files.xcfilelist",
			);
			runOnlyForDeploymentPostprocessing = 0;
			shellPath = /bin/sh;
			shellScript = "\"${PODS_ROOT}/Target Support Files/Pods-HackerNews Articles/Pods-HackerNews Articles-frameworks.sh\"\n";
			showEnvVarsInLog = 0;
		};
/* End PBXShellScriptBuildPhase section */

/* Begin PBXSourcesBuildPhase section */
		6B7180DE24242D140046F573 /* Sources */ = {
			isa = PBXSourcesBuildPhase;
			buildActionMask = 2147483647;
			files = (
				6B6BDE352425998700861454 /* DeletedArticle.swift in Sources */,
				6B718101242447EC0046F573 /* HackerNewsManager.swift in Sources */,
				6B6BDE33242583C300861454 /* ArticleViewController.swift in Sources */,
				6B718103242448070046F573 /* Date+ElapsedTime.swift in Sources */,
				6B7180FD242435A70046F573 /* Article.swift in Sources */,
				6B7180EA24242D140046F573 /* HackerNewsArticlesViewController.swift in Sources */,
				6B7180FF242436210046F573 /* HackerNewsData.swift in Sources */,
				6B7180E624242D140046F573 /* AppDelegate.swift in Sources */,
				6B7180E824242D140046F573 /* SceneDelegate.swift in Sources */,
			);
			runOnlyForDeploymentPostprocessing = 0;
		};
/* End PBXSourcesBuildPhase section */

/* Begin PBXVariantGroup section */
		6B7180EB24242D140046F573 /* Main.storyboard */ = {
			isa = PBXVariantGroup;
			children = (
				6B7180EC24242D140046F573 /* Base */,
			);
			name = Main.storyboard;
			sourceTree = "<group>";
		};
		6B7180F024242D160046F573 /* LaunchScreen.storyboard */ = {
			isa = PBXVariantGroup;
			children = (
				6B7180F124242D160046F573 /* Base */,
			);
			name = LaunchScreen.storyboard;
			sourceTree = "<group>";
		};
/* End PBXVariantGroup section */

/* Begin XCBuildConfiguration section */
		6B7180F424242D160046F573 /* Debug */ = {
			isa = XCBuildConfiguration;
			buildSettings = {
				ALWAYS_SEARCH_USER_PATHS = NO;
				CLANG_ANALYZER_NONNULL = YES;
				CLANG_ANALYZER_NUMBER_OBJECT_CONVERSION = YES_AGGRESSIVE;
				CLANG_CXX_LANGUAGE_STANDARD = "gnu++14";
				CLANG_CXX_LIBRARY = "libc++";
				CLANG_ENABLE_MODULES = YES;
				CLANG_ENABLE_OBJC_ARC = YES;
				CLANG_ENABLE_OBJC_WEAK = YES;
				CLANG_WARN_BLOCK_CAPTURE_AUTORELEASING = YES;
				CLANG_WARN_BOOL_CONVERSION = YES;
				CLANG_WARN_COMMA = YES;
				CLANG_WARN_CONSTANT_CONVERSION = YES;
				CLANG_WARN_DEPRECATED_OBJC_IMPLEMENTATIONS = YES;
				CLANG_WARN_DIRECT_OBJC_ISA_USAGE = YES_ERROR;
				CLANG_WARN_DOCUMENTATION_COMMENTS = YES;
				CLANG_WARN_EMPTY_BODY = YES;
				CLANG_WARN_ENUM_CONVERSION = YES;
				CLANG_WARN_INFINITE_RECURSION = YES;
				CLANG_WARN_INT_CONVERSION = YES;
				CLANG_WARN_NON_LITERAL_NULL_CONVERSION = YES;
				CLANG_WARN_OBJC_IMPLICIT_RETAIN_SELF = YES;
				CLANG_WARN_OBJC_LITERAL_CONVERSION = YES;
				CLANG_WARN_OBJC_ROOT_CLASS = YES_ERROR;
				CLANG_WARN_RANGE_LOOP_ANALYSIS = YES;
				CLANG_WARN_STRICT_PROTOTYPES = YES;
				CLANG_WARN_SUSPICIOUS_MOVE = YES;
				CLANG_WARN_UNGUARDED_AVAILABILITY = YES_AGGRESSIVE;
				CLANG_WARN_UNREACHABLE_CODE = YES;
				CLANG_WARN__DUPLICATE_METHOD_MATCH = YES;
				COPY_PHASE_STRIP = NO;
				DEBUG_INFORMATION_FORMAT = dwarf;
				ENABLE_STRICT_OBJC_MSGSEND = YES;
				ENABLE_TESTABILITY = YES;
				GCC_C_LANGUAGE_STANDARD = gnu11;
				GCC_DYNAMIC_NO_PIC = NO;
				GCC_NO_COMMON_BLOCKS = YES;
				GCC_OPTIMIZATION_LEVEL = 0;
				GCC_PREPROCESSOR_DEFINITIONS = (
					"DEBUG=1",
					"$(inherited)",
				);
				GCC_WARN_64_TO_32_BIT_CONVERSION = YES;
				GCC_WARN_ABOUT_RETURN_TYPE = YES_ERROR;
				GCC_WARN_UNDECLARED_SELECTOR = YES;
				GCC_WARN_UNINITIALIZED_AUTOS = YES_AGGRESSIVE;
				GCC_WARN_UNUSED_FUNCTION = YES;
				GCC_WARN_UNUSED_VARIABLE = YES;
				IPHONEOS_DEPLOYMENT_TARGET = 13.2;
				MTL_ENABLE_DEBUG_INFO = INCLUDE_SOURCE;
				MTL_FAST_MATH = YES;
				ONLY_ACTIVE_ARCH = YES;
				SDKROOT = iphoneos;
				SWIFT_ACTIVE_COMPILATION_CONDITIONS = DEBUG;
				SWIFT_OPTIMIZATION_LEVEL = "-Onone";
			};
			name = Debug;
		};
		6B7180F524242D160046F573 /* Release */ = {
			isa = XCBuildConfiguration;
			buildSettings = {
				ALWAYS_SEARCH_USER_PATHS = NO;
				CLANG_ANALYZER_NONNULL = YES;
				CLANG_ANALYZER_NUMBER_OBJECT_CONVERSION = YES_AGGRESSIVE;
				CLANG_CXX_LANGUAGE_STANDARD = "gnu++14";
				CLANG_CXX_LIBRARY = "libc++";
				CLANG_ENABLE_MODULES = YES;
				CLANG_ENABLE_OBJC_ARC = YES;
				CLANG_ENABLE_OBJC_WEAK = YES;
				CLANG_WARN_BLOCK_CAPTURE_AUTORELEASING = YES;
				CLANG_WARN_BOOL_CONVERSION = YES;
				CLANG_WARN_COMMA = YES;
				CLANG_WARN_CONSTANT_CONVERSION = YES;
				CLANG_WARN_DEPRECATED_OBJC_IMPLEMENTATIONS = YES;
				CLANG_WARN_DIRECT_OBJC_ISA_USAGE = YES_ERROR;
				CLANG_WARN_DOCUMENTATION_COMMENTS = YES;
				CLANG_WARN_EMPTY_BODY = YES;
				CLANG_WARN_ENUM_CONVERSION = YES;
				CLANG_WARN_INFINITE_RECURSION = YES;
				CLANG_WARN_INT_CONVERSION = YES;
				CLANG_WARN_NON_LITERAL_NULL_CONVERSION = YES;
				CLANG_WARN_OBJC_IMPLICIT_RETAIN_SELF = YES;
				CLANG_WARN_OBJC_LITERAL_CONVERSION = YES;
				CLANG_WARN_OBJC_ROOT_CLASS = YES_ERROR;
				CLANG_WARN_RANGE_LOOP_ANALYSIS = YES;
				CLANG_WARN_STRICT_PROTOTYPES = YES;
				CLANG_WARN_SUSPICIOUS_MOVE = YES;
				CLANG_WARN_UNGUARDED_AVAILABILITY = YES_AGGRESSIVE;
				CLANG_WARN_UNREACHABLE_CODE = YES;
				CLANG_WARN__DUPLICATE_METHOD_MATCH = YES;
				COPY_PHASE_STRIP = NO;
				DEBUG_INFORMATION_FORMAT = "dwarf-with-dsym";
				ENABLE_NS_ASSERTIONS = NO;
				ENABLE_STRICT_OBJC_MSGSEND = YES;
				GCC_C_LANGUAGE_STANDARD = gnu11;
				GCC_NO_COMMON_BLOCKS = YES;
				GCC_WARN_64_TO_32_BIT_CONVERSION = YES;
				GCC_WARN_ABOUT_RETURN_TYPE = YES_ERROR;
				GCC_WARN_UNDECLARED_SELECTOR = YES;
				GCC_WARN_UNINITIALIZED_AUTOS = YES_AGGRESSIVE;
				GCC_WARN_UNUSED_FUNCTION = YES;
				GCC_WARN_UNUSED_VARIABLE = YES;
				IPHONEOS_DEPLOYMENT_TARGET = 13.2;
				MTL_ENABLE_DEBUG_INFO = NO;
				MTL_FAST_MATH = YES;
				SDKROOT = iphoneos;
				SWIFT_COMPILATION_MODE = wholemodule;
				SWIFT_OPTIMIZATION_LEVEL = "-O";
				VALIDATE_PRODUCT = YES;
			};
			name = Release;
		};
		6B7180F724242D160046F573 /* Debug */ = {
			isa = XCBuildConfiguration;
			baseConfigurationReference = 7F59BE2FEB5A27EC2F45F25E /* Pods-HackerNews Articles.debug.xcconfig */;
			buildSettings = {
				ASSETCATALOG_COMPILER_APPICON_NAME = AppIcon;
				CODE_SIGN_STYLE = Automatic;
				DEVELOPMENT_TEAM = WJC9VRB854;
				INFOPLIST_FILE = "HackerNews Articles/Info.plist";
				IPHONEOS_DEPLOYMENT_TARGET = 11.0;
				LD_RUNPATH_SEARCH_PATHS = (
					"$(inherited)",
					"@executable_path/Frameworks",
				);
				PRODUCT_BUNDLE_IDENTIFIER = "com.fernandoge.HackerNews-Articles";
				PRODUCT_NAME = "$(TARGET_NAME)";
				SWIFT_VERSION = 5.0;
				TARGETED_DEVICE_FAMILY = "1,2";
			};
			name = Debug;
		};
		6B7180F824242D160046F573 /* Release */ = {
			isa = XCBuildConfiguration;
			baseConfigurationReference = A5C465867FB1E20BF4FF27C9 /* Pods-HackerNews Articles.release.xcconfig */;
			buildSettings = {
				ASSETCATALOG_COMPILER_APPICON_NAME = AppIcon;
				CODE_SIGN_STYLE = Automatic;
				DEVELOPMENT_TEAM = WJC9VRB854;
				INFOPLIST_FILE = "HackerNews Articles/Info.plist";
				IPHONEOS_DEPLOYMENT_TARGET = 11.0;
				LD_RUNPATH_SEARCH_PATHS = (
					"$(inherited)",
					"@executable_path/Frameworks",
				);
				PRODUCT_BUNDLE_IDENTIFIER = "com.fernandoge.HackerNews-Articles";
				PRODUCT_NAME = "$(TARGET_NAME)";
				SWIFT_VERSION = 5.0;
				TARGETED_DEVICE_FAMILY = "1,2";
			};
			name = Release;
		};
/* End XCBuildConfiguration section */

/* Begin XCConfigurationList section */
		6B7180DD24242D140046F573 /* Build configuration list for PBXProject "HackerNews Articles" */ = {
			isa = XCConfigurationList;
			buildConfigurations = (
				6B7180F424242D160046F573 /* Debug */,
				6B7180F524242D160046F573 /* Release */,
			);
			defaultConfigurationIsVisible = 0;
			defaultConfigurationName = Release;
		};
		6B7180F624242D160046F573 /* Build configuration list for PBXNativeTarget "HackerNews Articles" */ = {
			isa = XCConfigurationList;
			buildConfigurations = (
				6B7180F724242D160046F573 /* Debug */,
				6B7180F824242D160046F573 /* Release */,
			);
			defaultConfigurationIsVisible = 0;
			defaultConfigurationName = Release;
		};
/* End XCConfigurationList section */
	};
	rootObject = 6B7180DA24242D140046F573 /* Project object */;
}
